<?xml version="1.0" encoding="utf-8"?>
<Project ToolsVersion="4.0" xmlns="http://schemas.microsoft.com/developer/msbuild/2003">
  <ItemGroup>
    <Filter Include="Source Files">
      <UniqueIdentifier>{4FC737F1-C7A5-4376-A066-2A32D752A2FF}</UniqueIdentifier>
      <Extensions>cpp;c;cc;cxx;c++;cppm;ixx;def;odl;idl;hpj;bat;asm;asmx</Extensions>
    </Filter>
    <Filter Include="Header Files">
      <UniqueIdentifier>{93995380-89BD-4b04-88EB-625FBE52EBFB}</UniqueIdentifier>
      <Extensions>h;hh;hpp;hxx;h++;hm;inl;inc;ipp;xsd</Extensions>
    </Filter>
    <Filter Include="Resource Files">
      <UniqueIdentifier>{67DA6AB6-F800-4c08-8B7A-83BB121AAD01}</UniqueIdentifier>
      <Extensions>rc;ico;cur;bmp;dlg;rc2;rct;bin;rgs;gif;jpg;jpeg;jpe;resx;tiff;tif;png;wav;mfcribbon-ms</Extensions>
    </Filter>
    <Filter Include="Resource Files\Shaders">
      <UniqueIdentifier>{391b6826-e185-4871-a195-30a90da7e0f9}</UniqueIdentifier>
    </Filter>
    <Filter Include="Resource Files\Textures">
      <UniqueIdentifier>{3e543400-bb8c-4bbe-a14d-69cdf07e829d}</UniqueIdentifier>
    </Filter>
    <Filter Include="externals">
      <UniqueIdentifier>{214b15b7-fdf1-438c-9e81-209f59cc7b6e}</UniqueIdentifier>
    </Filter>
  </ItemGroup>
  <ItemGroup>
    <ClCompile Include="Libraries\include\glad\glad.c">
      <Filter>Source Files</Filter>
    </ClCompile>
    <ClCompile Include="Libraries\include\imgui\imgui.cpp">
      <Filter>externals</Filter>
    </ClCompile>
    <ClCompile Include="Libraries\include\imgui\imgui_demo.cpp">
      <Filter>externals</Filter>
    </ClCompile>
    <ClCompile Include="Libraries\include\imgui\imgui_draw.cpp">
      <Filter>externals</Filter>
    </ClCompile>
    <ClCompile Include="Libraries\include\imgui\imgui_tables.cpp">
      <Filter>externals</Filter>
    </ClCompile>
    <ClCompile Include="Libraries\include\imgui\imgui_widgets.cpp">
      <Filter>externals</Filter>
    </ClCompile>
    <ClCompile Include="Libraries\include\imgui\backends\imgui_impl_glfw.cpp">
      <Filter>externals</Filter>
    </ClCompile>
    <ClCompile Include="Libraries\include\imgui\backends\imgui_impl_opengl2.cpp">
      <Filter>externals</Filter>
    </ClCompile>
    <ClCompile Include="Libraries\include\imgui\backends\imgui_impl_opengl3.cpp">
      <Filter>externals</Filter>
    </ClCompile>
    <ClCompile Include="src\core\scene\SceneManager.cpp">
      <Filter>Source Files</Filter>
    </ClCompile>
    <ClCompile Include="Libraries\include\ImGuizmo\GraphEditor.cpp">
      <Filter>Source Files</Filter>
    </ClCompile>
    <ClCompile Include="Libraries\include\ImGuizmo\ImCurveEdit.cpp">
      <Filter>Source Files</Filter>
    </ClCompile>
    <ClCompile Include="Libraries\include\ImGuizmo\ImGradient.cpp">
      <Filter>Source Files</Filter>
    </ClCompile>
    <ClCompile Include="Libraries\include\ImGuizmo\ImGuizmo.cpp">
      <Filter>Source Files</Filter>
    </ClCompile>
    <ClCompile Include="Libraries\include\ImGuizmo\ImSequencer.cpp">
      <Filter>Source Files</Filter>
    </ClCompile>
    <ClCompile Include="src\graphics\utils\Utils.cpp">
      <Filter>Source Files</Filter>
    </ClCompile>
    <ClCompile Include="src\core\features\Timer.cpp">
      <Filter>Source Files</Filter>
    </ClCompile>
    <ClCompile Include="src\core\Application.cpp">
      <Filter>Source Files</Filter>
    </ClCompile>
    <ClCompile Include="src\core\scene\SceneManager.cpp">
      <Filter>Source Files</Filter>
    </ClCompile>
    <ClCompile Include="src\core\components\ModelComponent.cpp">
      <Filter>Source Files</Filter>
    </ClCompile>
    <ClCompile Include="src\core\scene\Scene.cpp">
      <Filter>Source Files</Filter>
    </ClCompile>
    <ClCompile Include="src\core\features\Profiler.cpp">
      <Filter>Source Files</Filter>
    </ClCompile>
    <ClCompile Include="src\core\entities\Entity.cpp">
      <Filter>Source Files</Filter>
    </ClCompile>
    <ClCompile Include="src\core\components\CameraComponent.cpp">
      <Filter>Source Files</Filter>
    </ClCompile>
    <ClCompile Include="src\core\layers\AppLayer.cpp">
      <Filter>Source Files</Filter>
    </ClCompile>
    <ClCompile Include="src\core\layers\LayerManager.cpp">
      <Filter>Source Files</Filter>
    </ClCompile>
    <ClCompile Include="src\core\layers\EditorLayer.cpp">
      <Filter>Source Files</Filter>
    </ClCompile>
    <ClCompile Include="src\core\components\CubeMapComponent.cpp">
      <Filter>Source Files</Filter>
    </ClCompile>
    <ClCompile Include="src\apps\sandbox\main.cpp">
      <Filter>Source Files</Filter>
    </ClCompile>
    <ClCompile Include="src\core\Systems\System.cpp">
      <Filter>Source Files</Filter>
    </ClCompile>
    <ClCompile Include="src\gui\framework\ImGui\ImGuiManager.cpp">
      <Filter>Source Files</Filter>
    </ClCompile>
    <ClCompile Include="src\gui\framework\ImGui\widgets\ImGuiConsoleLogWidget.cpp">
      <Filter>Source Files</Filter>
    </ClCompile>
    <ClCompile Include="src\gui\framework\ImGui\widgets\ImGuiEntityControlWidget.cpp">
      <Filter>Source Files</Filter>
    </ClCompile>
    <ClCompile Include="src\gui\framework\ImGui\widgets\ImGuiLeftSidebarWidget.cpp">
      <Filter>Source Files</Filter>
    </ClCompile>
    <ClCompile Include="src\gui\framework\ImGui\widgets\ImGuiMainViewWidget.cpp">
      <Filter>Source Files</Filter>
    </ClCompile>
    <ClCompile Include="src\gui\framework\ImGui\widgets\ImGuiMenuWidget.cpp">
      <Filter>Source Files</Filter>
    </ClCompile>
    <ClCompile Include="src\gui\framework\ImGui\widgets\ImGuiRightSidebarWidget.cpp">
      <Filter>Source Files</Filter>
    </ClCompile>
    <ClCompile Include="src\gui\framework\ImGui\widgets\ImGuiSubViewWidget.cpp">
      <Filter>Source Files</Filter>
    </ClCompile>
    <ClCompile Include="src\gui\framework\ImGui\theme\ImGuiThemes.cpp">
      <Filter>Source Files</Filter>
    </ClCompile>
    <ClCompile Include="src\core\features\pch.cpp">
      <Filter>Source Files</Filter>
    </ClCompile>
    <ClCompile Include="src\core\components\LightComponent.cpp">
      <Filter>Source Files</Filter>
    </ClCompile>
    <ClCompile Include="src\core\features\EngineUtils.cpp">
      <Filter>Source Files</Filter>
    </ClCompile>
    <ClCompile Include="src\core\features\Stream.cpp">
      <Filter>Source Files</Filter>
    </ClCompile>
    <ClCompile Include="src\window\platform\GLFW\AppWindowGLFW.cpp">
      <Filter>Source Files</Filter>
    </ClCompile>
    <ClCompile Include="src\window\Input.h">
      <Filter>Header Files</Filter>
    </ClCompile>
    <ClCompile Include="src\core\events\EventManager.cpp">
      <Filter>Source Files</Filter>
    </ClCompile>
    <ClCompile Include="src\graphics\framework\OpenGL\core\ParticleGeometry.cpp">
      <Filter>Source Files</Filter>
    </ClCompile>
    <ClCompile Include="src\graphics\framework\OpenGL\renderers\AtmosphereRenderer.cpp">
      <Filter>Source Files</Filter>
    </ClCompile>
    <ClCompile Include="src\graphics\renderers\Renderer.cpp">
      <Filter>Source Files</Filter>
    </ClCompile>
    <ClCompile Include="src\graphics\framework\OpenGL\renderers\ImageBasedRenderer.cpp">
      <Filter>Source Files</Filter>
    </ClCompile>
    <ClCompile Include="src\graphics\framework\OpenGL\renderers\BloomRenderer.cpp">
      <Filter>Source Files</Filter>
    </ClCompile>
    <ClCompile Include="src\graphics\framework\OpenGL\core\BloomFBO.cpp">
      <Filter>Source Files</Filter>
    </ClCompile>
    <ClCompile Include="src\graphics\framework\OpenGL\core\DepthCubeMap.cpp">
      <Filter>Source Files</Filter>
    </ClCompile>
    <ClCompile Include="src\window\AppWindow.cpp">
      <Filter>Source Files</Filter>
    </ClCompile>
    <ClCompile Include="src\graphics\framework\OpenGL\renderers\FrameBuffer.cpp">
      <Filter>Source Files</Filter>
    </ClCompile>
    <ClCompile Include="src\graphics\framework\OpenGL\renderers\SkyboxRenderer.cpp">
      <Filter>Source Files</Filter>
    </ClCompile>
    <ClCompile Include="src\graphics\framework\OpenGL\core\Animation.cpp">
      <Filter>Source Files</Filter>
    </ClCompile>
    <ClCompile Include="src\graphics\framework\OpenGL\core\Animator.cpp">
      <Filter>Source Files</Filter>
    </ClCompile>
    <ClCompile Include="src\graphics\framework\OpenGL\core\Bone.cpp">
      <Filter>Source Files</Filter>
    </ClCompile>
    <ClCompile Include="src\graphics\framework\OpenGL\core\DepthMap.cpp">
      <Filter>Source Files</Filter>
    </ClCompile>
    <ClCompile Include="src\graphics\framework\OpenGL\core\skybox.cpp">
      <Filter>Source Files</Filter>
    </ClCompile>
    <ClCompile Include="src\core\features\camera.cpp">
      <Filter>Source Files</Filter>
    </ClCompile>
    <ClCompile Include="src\graphics\framework\OpenGL\core\EBO.cpp">
      <Filter>Source Files</Filter>
    </ClCompile>
    <ClCompile Include="src\graphics\framework\OpenGL\core\Mesh.cpp">
      <Filter>Source Files</Filter>
    </ClCompile>
    <ClCompile Include="src\graphics\framework\OpenGL\core\Model.cpp">
      <Filter>Source Files</Filter>
    </ClCompile>
    <ClCompile Include="src\graphics\framework\OpenGL\core\Shader.cpp">
      <Filter>Source Files</Filter>
    </ClCompile>
    <ClCompile Include="src\graphics\utils\stb.cpp">
      <Filter>Source Files</Filter>
    </ClCompile>
    <ClCompile Include="src\graphics\framework\OpenGL\core\Texture.cpp">
      <Filter>Source Files</Filter>
    </ClCompile>
    <ClCompile Include="src\graphics\framework\OpenGL\core\VAO.cpp">
      <Filter>Source Files</Filter>
    </ClCompile>
    <ClCompile Include="src\graphics\framework\OpenGL\core\VBO.cpp">
      <Filter>Source Files</Filter>
    </ClCompile>
    <ClCompile Include="src\window\platform\GLFW\InputGLFW.cpp">
      <Filter>Source Files</Filter>
    </ClCompile>
    <ClCompile Include="src\core\features\PlatformFactory.cpp">
      <Filter>Source Files</Filter>
    </ClCompile>
    <ClCompile Include="src\core\features\ServiceLocator.cpp">
      <Filter>Source Files</Filter>
    </ClCompile>
    <ClCompile Include="src\apps\deferred-IBL-demo\deferredIBL_demo.cpp">
      <Filter>Source Files</Filter>
    </ClCompile>
    <ClCompile Include="src\logging\framework\LoggerSpd.cpp">
      <Filter>Source Files</Filter>
    </ClCompile>
    <ClCompile Include="src\apps\particle-demo\ParticleDemo.cpp">
      <Filter>Source Files</Filter>
    </ClCompile>
    <ClCompile Include="src\services\Service.cpp">
      <Filter>Source Files</Filter>
    </ClCompile>
    <ClCompile Include="src\core\layers\Layer.cpp">
      <Filter>Source Files</Filter>
    </ClCompile>
    <ClCompile Include="src\apps\vulkan-demo\VulkanApplication.cpp">
      <Filter>Source Files</Filter>
    </ClCompile>
    <ClCompile Include="Libraries\include\imgui\backends\imgui_impl_vulkan.cpp">
      <Filter>Source Files</Filter>
    </ClCompile>
    <ClCompile Include="src\graphics\RenderDevice.cpp">
      <Filter>Source Files</Filter>
    </ClCompile>
    <ClCompile Include="src\graphics\framework\Vulkan\RenderDeviceVulkan.cpp">
      <Filter>Source Files</Filter>
    </ClCompile>
    <ClCompile Include="src\graphics\framework\OpenGL\RenderDeviceOpenGL.cpp">
      <Filter>Source Files</Filter>
    </ClCompile>
    <ClCompile Include="src\graphics\renderpasses\BloomLayer.cpp">
      <Filter>Source Files</Filter>
    </ClCompile>
    <ClCompile Include="src\graphics\renderpasses\RenderPass.cpp">
      <Filter>Source Files</Filter>
    </ClCompile>
    <ClCompile Include="src\graphics\renderpasses\ShadowLayer.cpp">
      <Filter>Source Files</Filter>
    </ClCompile>
    <ClCompile Include="src\graphics\renderpasses\SSAOLayer.cpp">
      <Filter>Source Files</Filter>
    </ClCompile>
    <ClCompile Include="src\graphics\renderpasses\SSRLayer.cpp">
      <Filter>Source Files</Filter>
    </ClCompile>
    <ClCompile Include="src\graphics\framework\Vulkan\core\VulkanBuffer.cpp">
      <Filter>Source Files</Filter>
    </ClCompile>
    <ClCompile Include="src\graphics\framework\Vulkan\core\VulkanDevice.cpp">
      <Filter>Source Files</Filter>
    </ClCompile>
    <ClCompile Include="src\graphics\framework\Vulkan\core\VulkanFrameBuffer.cpp">
      <Filter>Source Files</Filter>
    </ClCompile>
    <ClCompile Include="src\graphics\framework\Vulkan\core\VulkanPipeline.cpp">
      <Filter>Source Files</Filter>
    </ClCompile>
    <ClCompile Include="src\graphics\framework\Vulkan\core\VulkanShader.cpp">
      <Filter>Source Files</Filter>
    </ClCompile>
    <ClCompile Include="src\graphics\framework\Vulkan\core\VulkanSwapChain.cpp">
      <Filter>Source Files</Filter>
    </ClCompile>
    <ClCompile Include="src\graphics\framework\Vulkan\core\VulkanTexture.cpp">
      <Filter>Source Files</Filter>
    </ClCompile>
    <ClCompile Include="src\graphics\renderers\Buffer.cpp">
      <Filter>Source Files</Filter>
    </ClCompile>
    <ClCompile Include="src\graphics\framework\Vulkan\core\VulkanCommandPool.cpp">
      <Filter>Source Files</Filter>
    </ClCompile>
    <ClCompile Include="src\graphics\framework\Vulkan\renderpasses\VulkanRenderPass.cpp">
      <Filter>Source Files</Filter>
    </ClCompile>
    <ClCompile Include="src\graphics\renderers\VertexBuffer.cpp">
      <Filter>Source Files</Filter>
    </ClCompile>
    <ClCompile Include="src\graphics\renderers\IndexBuffer.cpp">
      <Filter>Source Files</Filter>
    </ClCompile>
    <ClCompile Include="src\graphics\framework\OpenGL\renderers\VertexBufferOpenGL.cpp">
      <Filter>Source Files</Filter>
    </ClCompile>
    <ClCompile Include="src\graphics\framework\OpenGL\renderers\IndexBufferOpenGL.cpp">
      <Filter>Source Files</Filter>
    </ClCompile>
  </ItemGroup>
  <ItemGroup>
    <ClInclude Include="src\graphics\framework\OpenGL\core\VAO.h">
      <Filter>Header Files</Filter>
    </ClInclude>
    <ClInclude Include="src\graphics\framework\OpenGL\core\VBO.h">
      <Filter>Header Files</Filter>
    </ClInclude>
    <ClInclude Include="Headers\Shader.h">
      <Filter>Header Files</Filter>
    </ClInclude>
    <ClInclude Include="Headers\Texture.h">
      <Filter>Header Files</Filter>
    </ClInclude>
    <ClInclude Include="Headers\resource.h">
      <Filter>Header Files</Filter>
    </ClInclude>
    <ClInclude Include="src\graphics\framework\OpenGL\core\EBO.h">
      <Filter>Header Files</Filter>
    </ClInclude>
    <ClInclude Include="src\core\features\camera.h">
      <Filter>Header Files</Filter>
    </ClInclude>
    <ClInclude Include="Headers\Mesh.h">
      <Filter>Header Files</Filter>
    </ClInclude>
    <ClInclude Include="Headers\model.h">
      <Filter>Header Files</Filter>
    </ClInclude>
    <ClInclude Include="src\graphics\framework\OpenGL\core\skybox.h">
      <Filter>Header Files</Filter>
    </ClInclude>
    <ClInclude Include="src\graphics\framework\OpenGL\core\DepthMap.h">
      <Filter>Header Files</Filter>
    </ClInclude>
    <ClInclude Include="src\gui\GuiManager.h">
      <Filter>Header Files</Filter>
    </ClInclude>
    <ClInclude Include="Headers\Animation.h">
      <Filter>Header Files</Filter>
    </ClInclude>
    <ClInclude Include="Headers\Animator.h">
      <Filter>Header Files</Filter>
    </ClInclude>
    <ClInclude Include="Headers\assimp_glm_helpers.h">
      <Filter>Header Files</Filter>
    </ClInclude>
    <ClInclude Include="Headers\Bone.h">
      <Filter>Header Files</Filter>
    </ClInclude>
    <ClInclude Include="src\graphics\framework\OpenGL\renderers\FrameBuffer.h">
      <Filter>Header Files</Filter>
    </ClInclude>
    <ClInclude Include="src\graphics\framework\OpenGL\core\Axis.h">
      <Filter>Header Files</Filter>
    </ClInclude>
    <ClInclude Include="Libraries\include\ImGuizmo\GraphEditor.h">
      <Filter>Header Files</Filter>
    </ClInclude>
    <ClInclude Include="Libraries\include\ImGuizmo\ImCurveEdit.h">
      <Filter>Header Files</Filter>
    </ClInclude>
    <ClInclude Include="Libraries\include\ImGuizmo\ImGradient.h">
      <Filter>Header Files</Filter>
    </ClInclude>
    <ClInclude Include="Libraries\include\ImGuizmo\ImGuizmo.h">
      <Filter>Header Files</Filter>
    </ClInclude>
    <ClInclude Include="Libraries\include\ImGuizmo\ImSequencer.h">
      <Filter>Header Files</Filter>
    </ClInclude>
    <ClInclude Include="Libraries\include\ImGuizmo\ImZoomSlider.h">
      <Filter>Header Files</Filter>
    </ClInclude>
    <ClInclude Include="src\graphics\framework\OpenGL\core\DepthCubeMap.h">
      <Filter>Header Files</Filter>
    </ClInclude>
    <ClInclude Include="src\graphics\framework\OpenGL\core\BloomFBO.h">
      <Filter>Header Files</Filter>
    </ClInclude>
    <ClInclude Include="src\graphics\renderers\ImageBasedRenderer.h">
      <Filter>Header Files</Filter>
    </ClInclude>
    <ClInclude Include="src\graphics\renderers\Renderer.h">
      <Filter>Header Files</Filter>
    </ClInclude>
    <ClInclude Include="src\graphics\renderers\AtmosphereRenderer.h">
      <Filter>Header Files</Filter>
    </ClInclude>
    <ClInclude Include="src\graphics\framework\OpenGL\core\ParticleGeometry.h">
      <Filter>Header Files</Filter>
    </ClInclude>
    <ClInclude Include="Headers\PreCompile.h">
      <Filter>Header Files</Filter>
    </ClInclude>
    <ClInclude Include="src\core\features\Timer.h">
      <Filter>Header Files</Filter>
    </ClInclude>
    <ClInclude Include="src\core\Application.h">
      <Filter>Header Files</Filter>
    </ClInclude>
    <ClInclude Include="src\core\layers\Layer.h">
      <Filter>Header Files</Filter>
    </ClInclude>
    <ClInclude Include="src\core\layers\EditorLayer.h">
      <Filter>Header Files</Filter>
    </ClInclude>
    <ClInclude Include="src\core\layers\LayerManager.h">
      <Filter>Header Files</Filter>
    </ClInclude>
    <ClInclude Include="src\core\layers\AppLayer.h">
      <Filter>Header Files</Filter>
    </ClInclude>
    <ClInclude Include="Libraries\include\entt\entt.hpp">
      <Filter>Header Files</Filter>
    </ClInclude>
    <ClInclude Include="src\core\scene\SceneManager.h">
      <Filter>Header Files</Filter>
    </ClInclude>
    <ClInclude Include="src\core\scene\Scene.h">
      <Filter>Header Files</Filter>
    </ClInclude>
    <ClInclude Include="src\core\components\ModelComponent.h">
      <Filter>Header Files</Filter>
    </ClInclude>
    <ClInclude Include="src\graphics\renderers\SkyboxRenderer.h">
      <Filter>Header Files</Filter>
    </ClInclude>
    <ClInclude Include="src\core\components\headers\ModelComponent.h">
      <Filter>Header Files</Filter>
    </ClInclude>
    <ClInclude Include="src\core\components\headers\LightComponent.h">
      <Filter>Header Files</Filter>
    </ClInclude>
    <ClInclude Include="src\graphics\utils\ltc_matrix.h">
      <Filter>Header Files</Filter>
    </ClInclude>
    <ClInclude Include="src\graphics\utils\Utils.h">
      <Filter>Header Files</Filter>
    </ClInclude>
    <ClInclude Include="src\core\components\headers\GridComponent.h">
      <Filter>Header Files</Filter>
    </ClInclude>
    <ClInclude Include="src\core\components\headers\Component.h">
      <Filter>Header Files</Filter>
    </ClInclude>
    <ClInclude Include="src\core\components\headers\SkyboxComponent.h">
      <Filter>Header Files</Filter>
    </ClInclude>
    <ClInclude Include="src\core\features\Profiler.h">
      <Filter>Header Files</Filter>
    </ClInclude>
    <ClInclude Include="src\core\components\MComponent.h">
      <Filter>Header Files</Filter>
    </ClInclude>
    <ClInclude Include="src\core\entities\Entity.h">
      <Filter>Header Files</Filter>
    </ClInclude>
    <ClInclude Include="src\core\components\CameraComponent.h">
      <Filter>Header Files</Filter>
    </ClInclude>
    <ClInclude Include="src\graphics\framework\OpenGL\renderers\BloomRenderer.h">
      <Filter>Header Files</Filter>
    </ClInclude>
    <ClInclude Include="Libraries\include\glad\glad.h">
      <Filter>Header Files</Filter>
    </ClInclude>
    <ClInclude Include="src\core\components\CubeMapComponent.h">
      <Filter>Header Files</Filter>
    </ClInclude>
    <ClInclude Include="src\core\Systems\System.h">
      <Filter>Header Files</Filter>
    </ClInclude>
    <ClInclude Include="Libraries\include\FileWatch\FileWatch.hpp">
      <Filter>Header Files</Filter>
    </ClInclude>
    <ClInclude Include="src\gui\framework\ImGui\ImGuiManager.h">
      <Filter>Header Files</Filter>
    </ClInclude>
    <ClInclude Include="src\gui\widgets\ConsoleLogWidget.h">
      <Filter>Header Files</Filter>
    </ClInclude>
    <ClInclude Include="src\gui\widgets\EntityControlWidget.h">
      <Filter>Header Files</Filter>
    </ClInclude>
    <ClInclude Include="src\gui\widgets\IconsFontAwesome5.h">
      <Filter>Header Files</Filter>
    </ClInclude>
    <ClInclude Include="src\gui\widgets\LeftSidebarWidget.h">
      <Filter>Header Files</Filter>
    </ClInclude>
    <ClInclude Include="src\gui\widgets\MainViewWidget.h">
      <Filter>Header Files</Filter>
    </ClInclude>
    <ClInclude Include="src\gui\widgets\MenuWidget.h">
      <Filter>Header Files</Filter>
    </ClInclude>
    <ClInclude Include="src\gui\widgets\RightSidebarWidget.h">
      <Filter>Header Files</Filter>
    </ClInclude>
    <ClInclude Include="src\gui\widgets\SubViewWidget.h">
      <Filter>Header Files</Filter>
    </ClInclude>
    <ClInclude Include="src\gui\widgets\Widget.h">
      <Filter>Header Files</Filter>
    </ClInclude>
    <ClInclude Include="src\gui\framework\ImGui\widgets\ImGuiConsoleLogWidget.h">
      <Filter>Header Files</Filter>
    </ClInclude>
    <ClInclude Include="src\gui\framework\ImGui\widgets\ImGuiEntityControlWidget.h">
      <Filter>Header Files</Filter>
    </ClInclude>
    <ClInclude Include="src\gui\framework\ImGui\widgets\ImGuiLeftSidebarWidget.h">
      <Filter>Header Files</Filter>
    </ClInclude>
    <ClInclude Include="src\gui\framework\ImGui\widgets\ImGuiMainViewWidget.h">
      <Filter>Header Files</Filter>
    </ClInclude>
    <ClInclude Include="src\gui\framework\ImGui\widgets\ImGuiMenuWidget.h">
      <Filter>Header Files</Filter>
    </ClInclude>
    <ClInclude Include="src\gui\framework\ImGui\widgets\ImGuiRightSidebarWidget.h">
      <Filter>Header Files</Filter>
    </ClInclude>
    <ClInclude Include="src\gui\framework\ImGui\widgets\ImGuiSubViewWidget.h">
      <Filter>Header Files</Filter>
    </ClInclude>
    <ClInclude Include="src\gui\framework\ImGui\theme\ImGuiThemes.h">
      <Filter>Header Files</Filter>
    </ClInclude>
    <ClInclude Include="src\gui\Themes\Themes.h">
      <Filter>Header Files</Filter>
    </ClInclude>
    <ClInclude Include="Headers\pch.h">
      <Filter>Header Files</Filter>
    </ClInclude>
    <ClInclude Include="src\core\components\LightComponent.h">
      <Filter>Header Files</Filter>
    </ClInclude>
    <ClInclude Include="src\core\features\EngineUtils.h">
      <Filter>Header Files</Filter>
    </ClInclude>
    <ClInclude Include="src\core\features\Stream.h">
      <Filter>Header Files</Filter>
    </ClInclude>
    <ClInclude Include="src\window\platform\GLFW\AppWindowGLFW.h">
      <Filter>Header Files</Filter>
    </ClInclude>
    <ClInclude Include="src\core\events\EventListener.h">
      <Filter>Header Files</Filter>
    </ClInclude>
    <ClInclude Include="src\core\events\EventManager.h">
      <Filter>Header Files</Filter>
    </ClInclude>
    <ClInclude Include="src\core\events\Event.h">
      <Filter>Header Files</Filter>
    </ClInclude>
    <ClInclude Include="src\window\AppWindow.h">
      <Filter>Header Files</Filter>
    </ClInclude>
    <ClInclude Include="src\window\platform\GLFW\InputGLFW.h">
      <Filter>Header Files</Filter>
    </ClInclude>
    <ClInclude Include="src\core\features\PlatformFactory.h">
      <Filter>Header Files</Filter>
    </ClInclude>
    <ClInclude Include="src\core\features\Configs.h">
      <Filter>Header Files</Filter>
    </ClInclude>
    <ClInclude Include="src\core\features\ServiceLocator.h">
      <Filter>Header Files</Filter>
    </ClInclude>
    <ClInclude Include="src\apps\deferred-IBL-demo\deferredIBL_demo.h">
      <Filter>Header Files</Filter>
    </ClInclude>
    <ClInclude Include="src\window\InputKeyCode.h">
      <Filter>Header Files</Filter>
    </ClInclude>
    <ClInclude Include="src\logging\Logger.h">
      <Filter>Header Files</Filter>
    </ClInclude>
    <ClInclude Include="src\logging\framework\LoggerSpd.h">
      <Filter>Header Files</Filter>
    </ClInclude>
    <ClInclude Include="src\apps\particle-demo\ParticleDemo.h">
      <Filter>Header Files</Filter>
    </ClInclude>
    <ClInclude Include="src\services\Service.h">
      <Filter>Header Files</Filter>
    </ClInclude>
    <ClInclude Include="src\apps\vulkan-demo\VulkanApplication.h">
      <Filter>Header Files</Filter>
    </ClInclude>
    <ClInclude Include="Libraries\include\imgui\backends\imgui_impl_vulkan.h">
      <Filter>Header Files</Filter>
    </ClInclude>
    <ClInclude Include="src\graphics\RenderDevice.h">
      <Filter>Header Files</Filter>
    </ClInclude>
    <ClInclude Include="src\graphics\framework\Vulkan\RenderDeviceVulkan.h">
      <Filter>Header Files</Filter>
    </ClInclude>
    <ClInclude Include="src\graphics\framework\OpenGL\RenderDeviceOpenGL.h">
      <Filter>Header Files</Filter>
    </ClInclude>
    <ClInclude Include="src\graphics\renderpasses\BloomPass.h">
      <Filter>Header Files</Filter>
    </ClInclude>
    <ClInclude Include="src\graphics\renderpasses\RenderPass.h">
      <Filter>Header Files</Filter>
    </ClInclude>
    <ClInclude Include="src\graphics\renderpasses\ShadowLayer.h">
      <Filter>Header Files</Filter>
    </ClInclude>
    <ClInclude Include="src\graphics\renderpasses\SSAOLayer.h">
      <Filter>Header Files</Filter>
    </ClInclude>
    <ClInclude Include="src\graphics\renderpasses\SSRLayer.h">
      <Filter>Header Files</Filter>
    </ClInclude>
    <ClInclude Include="src\graphics\renderers\ShadowMapRenderer.h">
      <Filter>Header Files</Filter>
    </ClInclude>
    <ClInclude Include="src\graphics\framework\Vulkan\core\VulkanBuffer.h">
      <Filter>Header Files</Filter>
    </ClInclude>
    <ClInclude Include="src\graphics\framework\Vulkan\core\VulkanDevice.h">
      <Filter>Header Files</Filter>
    </ClInclude>
    <ClInclude Include="src\graphics\framework\Vulkan\core\VulkanFrameBuffer.h">
      <Filter>Header Files</Filter>
    </ClInclude>
    <ClInclude Include="src\graphics\framework\Vulkan\core\VulkanPipeline.h">
      <Filter>Header Files</Filter>
    </ClInclude>
    <ClInclude Include="src\graphics\framework\Vulkan\core\VulkanShader.h">
      <Filter>Header Files</Filter>
    </ClInclude>
    <ClInclude Include="src\graphics\framework\Vulkan\core\VulkanSwapChain.h">
      <Filter>Header Files</Filter>
    </ClInclude>
    <ClInclude Include="src\graphics\framework\Vulkan\core\VulkanTexture.h">
      <Filter>Header Files</Filter>
    </ClInclude>
    <ClInclude Include="src\graphics\renderers\Buffer.h">
      <Filter>Header Files</Filter>
    </ClInclude>
    <ClInclude Include="src\graphics\framework\Vulkan\core\VulkanCommandPool.h">
      <Filter>Header Files</Filter>
    </ClInclude>
    <ClInclude Include="src\graphics\framework\Vulkan\renderpasses\VulkanRenderPass.h">
      <Filter>Header Files</Filter>
    </ClInclude>
    <ClInclude Include="src\graphics\renderers\VertexBuffer.h">
      <Filter>Header Files</Filter>
    </ClInclude>
    <ClInclude Include="src\graphics\renderers\IndexBuffer.h">
      <Filter>Header Files</Filter>
    </ClInclude>
    <ClInclude Include="src\graphics\framework\OpenGL\renderers\VertexBufferOpenGL.h">
      <Filter>Header Files</Filter>
    </ClInclude>
    <ClInclude Include="src\graphics\framework\OpenGL\renderers\IndexBufferOpenGL.h">
      <Filter>Header Files</Filter>
    </ClInclude>
  </ItemGroup>
  <ItemGroup>
    <ResourceCompile Include="comprehensive.rc">
      <Filter>Resource Files</Filter>
    </ResourceCompile>
  </ItemGroup>
  <ItemGroup>
    <None Include="Shaders\default.frag" />
    <None Include="Shaders\default.vert" />
    <None Include="Shaders\light.frag" />
    <None Include="Shaders\light.vert" />
    <None Include="Shaders\model.vert" />
    <None Include="Shaders\model.frag" />
    <None Include="Shaders\skybox.vert" />
    <None Include="Shaders\skybox.frag" />
    <None Include="Shaders\cubemap.vert" />
    <None Include="Shaders\cubemap.frag" />
    <None Include="Shaders\material.frag" />
    <None Include="Shaders\material.vert" />
    <None Include="Shaders\shadowMap.vert" />
    <None Include="Shaders\shadowMap.frag" />
    <None Include="Shaders\skeletonModel.frag" />
    <None Include="Shaders\skeletonModel.vert" />
    <None Include="Shaders\cellShader.vert" />
    <None Include="Shaders\cellShader.frag" />
    <None Include="Shaders\default.geom" />
    <None Include="Shaders\default-2.frag" />
    <None Include="Shaders\default-2.vert" />
    <None Include="Shaders\equireRectToCubemap.frag" />
    <None Include="Shaders\background.frag" />
    <None Include="Shaders\background.vert" />
    <None Include="Shaders\cubemap-hdr.vert" />
    <None Include="Shaders\irradianceConvolution.frag" />
    <None Include="Shaders\prefilter.frag" />
    <None Include="Shaders\brdf.vert" />
    <None Include="Shaders\brdf.frag" />
    <None Include="Shaders\areaLight.vert" />
    <None Include="Shaders\areaLight.frag" />
    <None Include="Shaders\shadow\pointShadowsDepth.vert" />
    <None Include="Shaders\shadow\pointShadowsDepth.geom" />
    <None Include="Shaders\shadow\pointShadowsDepth.frag" />
    <None Include="Shaders\deferredShading\deferredShading.vert" />
    <None Include="Shaders\deferredShading\deferredShadinw.frag" />
    <None Include="Shaders\godRays\godRays.vert" />
    <None Include="Shaders\godRays\godRays.frag" />
    <None Include="Shaders\godRays\blackScreen.vert" />
    <None Include="Shaders\godRays\blackScreen.frag" />
    <None Include="Shaders\deferredIBL\colorPass.frag" />
    <None Include="Shaders\deferredIBL\colorPass.vert" />
    <None Include="Shaders\deferredIBL\gPass.frag" />
    <None Include="Shaders\deferredIBL\gPass.vert" />
    <None Include="Shaders\skyAtmosphere\transmittanceLUT.frag" />
    <None Include="Shaders\skyAtmosphere\atmosphere.frag" />
    <None Include="Shaders\skyAtmosphere\multipleScatteredLUT.frag" />
    <None Include="Shaders\skyAtmosphere\skyViewLUT.frag" />
    <None Include="src\apps\vulkan-demo\shaders\compile.bat">
      <Filter>Source Files</Filter>
    </None>
    <None Include="src\apps\vulkan-demo\shaders\default.frag" />
    <None Include="src\apps\vulkan-demo\shaders\default.frag.spv" />
    <None Include="src\apps\vulkan-demo\shaders\default.vert" />
    <None Include="src\apps\vulkan-demo\shaders\default.vert.spv" />
  </ItemGroup>
  <ItemGroup>
    <Image Include="Textures\ice-snow.png">
      <Filter>Resource Files</Filter>
    </Image>
    <Image Include="Textures\metal.png">
      <Filter>Resource Files</Filter>
    </Image>
    <Image Include="Textures\squish.png">
      <Filter>Resource Files</Filter>
    </Image>
    <Image Include="Textures\wood.png">
      <Filter>Resource Files</Filter>
    </Image>
    <Image Include="Textures\planks.png">
      <Filter>Resource Files</Filter>
    </Image>
    <Image Include="Textures\planksSpec.png">
      <Filter>Resource Files</Filter>
    </Image>
    <Image Include="Textures\planksSpec-2.png">
      <Filter>Resource Files</Filter>
    </Image>
  </ItemGroup>
</Project>